
Microsoft Visual Studio Solution File, Format Version 12.00
# Visual Studio Version 16
VisualStudioVersion = 16.0.30225.117
MinimumVisualStudioVersion = 10.0.40219.1
Project("{FAE04EC0-301F-11D3-BF4B-00C04F79EFBC}") = "Code_6_6_2", "Code_6_6_2\Code_6_6_2.csproj", "{6A43F856-F43C-48A9-8DE0-0317C61A3520}"
EndProject
Global
	GlobalSection(SolutionConfigurationPlatforms) = preSolution
		Debug|Any CPU = Debug|Any CPU
		Release|Any CPU = Release|Any CPU
	EndGlobalSection
	GlobalSection(ProjectConfigurationPlatforms) = postSolution
		{6A43F856-F43C-48A9-8DE0-0317C61A3520}.Debug|Any CPU.ActiveCfg = Debug|Any CPU
		{6A43F856-F43C-48A9-8DE0-0317C61A3520}.Debug|Any CPU.Build.0 = Debug|Any CPU
		{6A43F856-F43C-48A9-8DE0-0317C61A3520}.Release|Any CPU.ActiveCfg = Release|Any CPU
		{6A43F856-F43C-48A9-8DE0-0317C61A3520}.Release|Any CPU.Build.0 = Release|Any CPU
	EndGlobalSection
	GlobalSection(SolutionProperties) = preSolution
		HideSolutionNode = FALSE
	EndGlobalSection
	GlobalSection(ExtensibilityGlobals) = postSolution
		SolutionGuid = {CDEA5BF5-686A-4FAC-8290-3DA8048CCB7C}
	EndGlobalSection
EndGlobal
