
Microsoft Visual Studio Solution File, Format Version 12.00
# Visual Studio Version 16
VisualStudioVersion = 16.0.30225.117
MinimumVisualStudioVersion = 10.0.40219.1
Project("{FAE04EC0-301F-11D3-BF4B-00C04F79EFBC}") = "Code_6_7_2", "Code_6_7_2\Code_6_7_2.csproj", "{39527120-F077-45A1-8D6D-B4105ECB85B6}"
EndProject
Global
	GlobalSection(SolutionConfigurationPlatforms) = preSolution
		Debug|Any CPU = Debug|Any CPU
		Release|Any CPU = Release|Any CPU
	EndGlobalSection
	GlobalSection(ProjectConfigurationPlatforms) = postSolution
		{39527120-F077-45A1-8D6D-B4105ECB85B6}.Debug|Any CPU.ActiveCfg = Debug|Any CPU
		{39527120-F077-45A1-8D6D-B4105ECB85B6}.Debug|Any CPU.Build.0 = Debug|Any CPU
		{39527120-F077-45A1-8D6D-B4105ECB85B6}.Release|Any CPU.ActiveCfg = Release|Any CPU
		{39527120-F077-45A1-8D6D-B4105ECB85B6}.Release|Any CPU.Build.0 = Release|Any CPU
	EndGlobalSection
	GlobalSection(SolutionProperties) = preSolution
		HideSolutionNode = FALSE
	EndGlobalSection
	GlobalSection(ExtensibilityGlobals) = postSolution
		SolutionGuid = {E34B4F74-1DE5-445F-90C9-9CBD08039EC1}
	EndGlobalSection
EndGlobal
