
Microsoft Visual Studio Solution File, Format Version 12.00
# Visual Studio Version 16
VisualStudioVersion = 16.0.29613.14
MinimumVisualStudioVersion = 10.0.40219.1
Project("{FAE04EC0-301F-11D3-BF4B-00C04F79EFBC}") = "Code_4_5_8_1", "Code_4_5_8_1\Code_4_5_8_1.csproj", "{C788F377-2BE1-481C-88A6-A1086689AB9D}"
EndProject
Global
	GlobalSection(SolutionConfigurationPlatforms) = preSolution
		Debug|Any CPU = Debug|Any CPU
		Release|Any CPU = Release|Any CPU
	EndGlobalSection
	GlobalSection(ProjectConfigurationPlatforms) = postSolution
		{C788F377-2BE1-481C-88A6-A1086689AB9D}.Debug|Any CPU.ActiveCfg = Debug|Any CPU
		{C788F377-2BE1-481C-88A6-A1086689AB9D}.Debug|Any CPU.Build.0 = Debug|Any CPU
		{C788F377-2BE1-481C-88A6-A1086689AB9D}.Release|Any CPU.ActiveCfg = Release|Any CPU
		{C788F377-2BE1-481C-88A6-A1086689AB9D}.Release|Any CPU.Build.0 = Release|Any CPU
	EndGlobalSection
	GlobalSection(SolutionProperties) = preSolution
		HideSolutionNode = FALSE
	EndGlobalSection
	GlobalSection(ExtensibilityGlobals) = postSolution
		SolutionGuid = {5599672A-84C7-4EE6-8756-0B8A3852E122}
	EndGlobalSection
EndGlobal
