
Microsoft Visual Studio Solution File, Format Version 12.00
# Visual Studio Version 16
VisualStudioVersion = 16.0.29519.87
MinimumVisualStudioVersion = 10.0.40219.1
Project("{FAE04EC0-301F-11D3-BF4B-00C04F79EFBC}") = "Code_3_8_15", "Code_3_8_15\Code_3_8_15.csproj", "{1900E016-FBE9-413F-8018-FA18522ACCE7}"
EndProject
Global
	GlobalSection(SolutionConfigurationPlatforms) = preSolution
		Debug|Any CPU = Debug|Any CPU
		Release|Any CPU = Release|Any CPU
	EndGlobalSection
	GlobalSection(ProjectConfigurationPlatforms) = postSolution
		{1900E016-FBE9-413F-8018-FA18522ACCE7}.Debug|Any CPU.ActiveCfg = Debug|Any CPU
		{1900E016-FBE9-413F-8018-FA18522ACCE7}.Debug|Any CPU.Build.0 = Debug|Any CPU
		{1900E016-FBE9-413F-8018-FA18522ACCE7}.Release|Any CPU.ActiveCfg = Release|Any CPU
		{1900E016-FBE9-413F-8018-FA18522ACCE7}.Release|Any CPU.Build.0 = Release|Any CPU
	EndGlobalSection
	GlobalSection(SolutionProperties) = preSolution
		HideSolutionNode = FALSE
	EndGlobalSection
	GlobalSection(ExtensibilityGlobals) = postSolution
		SolutionGuid = {BB01211F-97FA-4A2A-A5AA-C434BA986613}
	EndGlobalSection
EndGlobal
