
Microsoft Visual Studio Solution File, Format Version 12.00
# Visual Studio Version 16
VisualStudioVersion = 16.0.29509.3
MinimumVisualStudioVersion = 10.0.40219.1
Project("{FAE04EC0-301F-11D3-BF4B-00C04F79EFBC}") = "Code_2_7_1", "Code_2_7_1\Code_2_7_1.csproj", "{2BA76EA8-720F-4F55-91AF-C5ACE824694D}"
EndProject
Global
	GlobalSection(SolutionConfigurationPlatforms) = preSolution
		Debug|Any CPU = Debug|Any CPU
		Release|Any CPU = Release|Any CPU
	EndGlobalSection
	GlobalSection(ProjectConfigurationPlatforms) = postSolution
		{2BA76EA8-720F-4F55-91AF-C5ACE824694D}.Debug|Any CPU.ActiveCfg = Debug|Any CPU
		{2BA76EA8-720F-4F55-91AF-C5ACE824694D}.Debug|Any CPU.Build.0 = Debug|Any CPU
		{2BA76EA8-720F-4F55-91AF-C5ACE824694D}.Release|Any CPU.ActiveCfg = Release|Any CPU
		{2BA76EA8-720F-4F55-91AF-C5ACE824694D}.Release|Any CPU.Build.0 = Release|Any CPU
	EndGlobalSection
	GlobalSection(SolutionProperties) = preSolution
		HideSolutionNode = FALSE
	EndGlobalSection
	GlobalSection(ExtensibilityGlobals) = postSolution
		SolutionGuid = {A48A54EF-A891-4152-8966-9B77C8DB3A81}
	EndGlobalSection
EndGlobal
