
Microsoft Visual Studio Solution File, Format Version 12.00
# Visual Studio Version 16
VisualStudioVersion = 16.0.29519.87
MinimumVisualStudioVersion = 10.0.40219.1
Project("{FAE04EC0-301F-11D3-BF4B-00C04F79EFBC}") = "Code_3_8_1_a", "Code_3_8_1_a\Code_3_8_1_a.csproj", "{4460D9D4-595B-4E67-A5B5-C125DA63D21D}"
EndProject
Global
	GlobalSection(SolutionConfigurationPlatforms) = preSolution
		Debug|Any CPU = Debug|Any CPU
		Release|Any CPU = Release|Any CPU
	EndGlobalSection
	GlobalSection(ProjectConfigurationPlatforms) = postSolution
		{4460D9D4-595B-4E67-A5B5-C125DA63D21D}.Debug|Any CPU.ActiveCfg = Debug|Any CPU
		{4460D9D4-595B-4E67-A5B5-C125DA63D21D}.Debug|Any CPU.Build.0 = Debug|Any CPU
		{4460D9D4-595B-4E67-A5B5-C125DA63D21D}.Release|Any CPU.ActiveCfg = Release|Any CPU
		{4460D9D4-595B-4E67-A5B5-C125DA63D21D}.Release|Any CPU.Build.0 = Release|Any CPU
	EndGlobalSection
	GlobalSection(SolutionProperties) = preSolution
		HideSolutionNode = FALSE
	EndGlobalSection
	GlobalSection(ExtensibilityGlobals) = postSolution
		SolutionGuid = {ED2A2C29-80DF-4801-8570-23DCDF00F635}
	EndGlobalSection
EndGlobal
