
Microsoft Visual Studio Solution File, Format Version 12.00
# Visual Studio Version 16
VisualStudioVersion = 16.0.30225.117
MinimumVisualStudioVersion = 10.0.40219.1
Project("{FAE04EC0-301F-11D3-BF4B-00C04F79EFBC}") = "Code_7_11", "Code_7_11\Code_7_11.csproj", "{B38DB104-729F-4737-A193-40C588CD1D84}"
EndProject
Global
	GlobalSection(SolutionConfigurationPlatforms) = preSolution
		Debug|Any CPU = Debug|Any CPU
		Release|Any CPU = Release|Any CPU
	EndGlobalSection
	GlobalSection(ProjectConfigurationPlatforms) = postSolution
		{B38DB104-729F-4737-A193-40C588CD1D84}.Debug|Any CPU.ActiveCfg = Debug|Any CPU
		{B38DB104-729F-4737-A193-40C588CD1D84}.Debug|Any CPU.Build.0 = Debug|Any CPU
		{B38DB104-729F-4737-A193-40C588CD1D84}.Release|Any CPU.ActiveCfg = Release|Any CPU
		{B38DB104-729F-4737-A193-40C588CD1D84}.Release|Any CPU.Build.0 = Release|Any CPU
	EndGlobalSection
	GlobalSection(SolutionProperties) = preSolution
		HideSolutionNode = FALSE
	EndGlobalSection
	GlobalSection(ExtensibilityGlobals) = postSolution
		SolutionGuid = {607C6B75-F63C-4058-9731-D3F9D8C7069A}
	EndGlobalSection
EndGlobal
