
Microsoft Visual Studio Solution File, Format Version 12.00
# Visual Studio Version 16
VisualStudioVersion = 16.0.29613.14
MinimumVisualStudioVersion = 10.0.40219.1
Project("{FAE04EC0-301F-11D3-BF4B-00C04F79EFBC}") = "Code_5_2_1", "Code_5_2_1\Code_5_2_1.csproj", "{1203C488-E7D8-459A-B929-905C45F994AD}"
EndProject
Global
	GlobalSection(SolutionConfigurationPlatforms) = preSolution
		Debug|Any CPU = Debug|Any CPU
		Release|Any CPU = Release|Any CPU
	EndGlobalSection
	GlobalSection(ProjectConfigurationPlatforms) = postSolution
		{1203C488-E7D8-459A-B929-905C45F994AD}.Debug|Any CPU.ActiveCfg = Debug|Any CPU
		{1203C488-E7D8-459A-B929-905C45F994AD}.Debug|Any CPU.Build.0 = Debug|Any CPU
		{1203C488-E7D8-459A-B929-905C45F994AD}.Release|Any CPU.ActiveCfg = Release|Any CPU
		{1203C488-E7D8-459A-B929-905C45F994AD}.Release|Any CPU.Build.0 = Release|Any CPU
	EndGlobalSection
	GlobalSection(SolutionProperties) = preSolution
		HideSolutionNode = FALSE
	EndGlobalSection
	GlobalSection(ExtensibilityGlobals) = postSolution
		SolutionGuid = {7C87FDEA-8BC2-4D4C-85B1-572BA190DDAE}
	EndGlobalSection
EndGlobal
