
Microsoft Visual Studio Solution File, Format Version 12.00
# Visual Studio Version 16
VisualStudioVersion = 16.0.29613.14
MinimumVisualStudioVersion = 10.0.40219.1
Project("{FAE04EC0-301F-11D3-BF4B-00C04F79EFBC}") = "Code_4_5_1_b", "Code_4_5_1_b\Code_4_5_1_b.csproj", "{BC164405-4F3C-4F29-8534-9C461A54B676}"
EndProject
Global
	GlobalSection(SolutionConfigurationPlatforms) = preSolution
		Debug|Any CPU = Debug|Any CPU
		Release|Any CPU = Release|Any CPU
	EndGlobalSection
	GlobalSection(ProjectConfigurationPlatforms) = postSolution
		{BC164405-4F3C-4F29-8534-9C461A54B676}.Debug|Any CPU.ActiveCfg = Debug|Any CPU
		{BC164405-4F3C-4F29-8534-9C461A54B676}.Debug|Any CPU.Build.0 = Debug|Any CPU
		{BC164405-4F3C-4F29-8534-9C461A54B676}.Release|Any CPU.ActiveCfg = Release|Any CPU
		{BC164405-4F3C-4F29-8534-9C461A54B676}.Release|Any CPU.Build.0 = Release|Any CPU
	EndGlobalSection
	GlobalSection(SolutionProperties) = preSolution
		HideSolutionNode = FALSE
	EndGlobalSection
	GlobalSection(ExtensibilityGlobals) = postSolution
		SolutionGuid = {909707CB-76B1-452A-BEFE-2D577DE959F8}
	EndGlobalSection
EndGlobal
