
Microsoft Visual Studio Solution File, Format Version 12.00
# Visual Studio Version 16
VisualStudioVersion = 16.0.29613.14
MinimumVisualStudioVersion = 10.0.40219.1
Project("{FAE04EC0-301F-11D3-BF4B-00C04F79EFBC}") = "Code_5_5_7", "Code_5_5_7\Code_5_5_7.csproj", "{5CDFF1BE-D014-4554-8B48-8370D00B12A6}"
EndProject
Global
	GlobalSection(SolutionConfigurationPlatforms) = preSolution
		Debug|Any CPU = Debug|Any CPU
		Release|Any CPU = Release|Any CPU
	EndGlobalSection
	GlobalSection(ProjectConfigurationPlatforms) = postSolution
		{5CDFF1BE-D014-4554-8B48-8370D00B12A6}.Debug|Any CPU.ActiveCfg = Debug|Any CPU
		{5CDFF1BE-D014-4554-8B48-8370D00B12A6}.Debug|Any CPU.Build.0 = Debug|Any CPU
		{5CDFF1BE-D014-4554-8B48-8370D00B12A6}.Release|Any CPU.ActiveCfg = Release|Any CPU
		{5CDFF1BE-D014-4554-8B48-8370D00B12A6}.Release|Any CPU.Build.0 = Release|Any CPU
	EndGlobalSection
	GlobalSection(SolutionProperties) = preSolution
		HideSolutionNode = FALSE
	EndGlobalSection
	GlobalSection(ExtensibilityGlobals) = postSolution
		SolutionGuid = {CEC12320-437F-495D-86FA-1E03E272E14C}
	EndGlobalSection
EndGlobal
