
Microsoft Visual Studio Solution File, Format Version 12.00
# Visual Studio Version 16
VisualStudioVersion = 16.0.29519.87
MinimumVisualStudioVersion = 10.0.40219.1
Project("{FAE04EC0-301F-11D3-BF4B-00C04F79EFBC}") = "Code_3_8_16", "Code_3_8_16\Code_3_8_16.csproj", "{3699EDA7-3294-431F-9A30-A32D96F847B9}"
EndProject
Global
	GlobalSection(SolutionConfigurationPlatforms) = preSolution
		Debug|Any CPU = Debug|Any CPU
		Release|Any CPU = Release|Any CPU
	EndGlobalSection
	GlobalSection(ProjectConfigurationPlatforms) = postSolution
		{3699EDA7-3294-431F-9A30-A32D96F847B9}.Debug|Any CPU.ActiveCfg = Debug|Any CPU
		{3699EDA7-3294-431F-9A30-A32D96F847B9}.Debug|Any CPU.Build.0 = Debug|Any CPU
		{3699EDA7-3294-431F-9A30-A32D96F847B9}.Release|Any CPU.ActiveCfg = Release|Any CPU
		{3699EDA7-3294-431F-9A30-A32D96F847B9}.Release|Any CPU.Build.0 = Release|Any CPU
	EndGlobalSection
	GlobalSection(SolutionProperties) = preSolution
		HideSolutionNode = FALSE
	EndGlobalSection
	GlobalSection(ExtensibilityGlobals) = postSolution
		SolutionGuid = {3EC9672B-C338-4AA2-ADB3-0D83F2F3A586}
	EndGlobalSection
EndGlobal
