
Microsoft Visual Studio Solution File, Format Version 12.00
# Visual Studio Version 16
VisualStudioVersion = 16.0.30225.117
MinimumVisualStudioVersion = 10.0.40219.1
Project("{FAE04EC0-301F-11D3-BF4B-00C04F79EFBC}") = "Code_7_13_3", "Code_7_13_3\Code_7_13_3.csproj", "{36D488CF-DF65-4A47-8AD5-27A7659CA374}"
EndProject
Global
	GlobalSection(SolutionConfigurationPlatforms) = preSolution
		Debug|Any CPU = Debug|Any CPU
		Release|Any CPU = Release|Any CPU
	EndGlobalSection
	GlobalSection(ProjectConfigurationPlatforms) = postSolution
		{36D488CF-DF65-4A47-8AD5-27A7659CA374}.Debug|Any CPU.ActiveCfg = Debug|Any CPU
		{36D488CF-DF65-4A47-8AD5-27A7659CA374}.Debug|Any CPU.Build.0 = Debug|Any CPU
		{36D488CF-DF65-4A47-8AD5-27A7659CA374}.Release|Any CPU.ActiveCfg = Release|Any CPU
		{36D488CF-DF65-4A47-8AD5-27A7659CA374}.Release|Any CPU.Build.0 = Release|Any CPU
	EndGlobalSection
	GlobalSection(SolutionProperties) = preSolution
		HideSolutionNode = FALSE
	EndGlobalSection
	GlobalSection(ExtensibilityGlobals) = postSolution
		SolutionGuid = {6A61E10E-413A-4535-8C38-F3F4BEB5FC59}
	EndGlobalSection
EndGlobal
