
Microsoft Visual Studio Solution File, Format Version 12.00
# Visual Studio Version 16
VisualStudioVersion = 16.0.29519.87
MinimumVisualStudioVersion = 10.0.40219.1
Project("{FAE04EC0-301F-11D3-BF4B-00C04F79EFBC}") = "Code_3_8_1_c", "Code_3_8_1_c\Code_3_8_1_c.csproj", "{B8BFAD7B-3FBE-43D3-B1F3-FEA214F091E9}"
EndProject
Global
	GlobalSection(SolutionConfigurationPlatforms) = preSolution
		Debug|Any CPU = Debug|Any CPU
		Release|Any CPU = Release|Any CPU
	EndGlobalSection
	GlobalSection(ProjectConfigurationPlatforms) = postSolution
		{B8BFAD7B-3FBE-43D3-B1F3-FEA214F091E9}.Debug|Any CPU.ActiveCfg = Debug|Any CPU
		{B8BFAD7B-3FBE-43D3-B1F3-FEA214F091E9}.Debug|Any CPU.Build.0 = Debug|Any CPU
		{B8BFAD7B-3FBE-43D3-B1F3-FEA214F091E9}.Release|Any CPU.ActiveCfg = Release|Any CPU
		{B8BFAD7B-3FBE-43D3-B1F3-FEA214F091E9}.Release|Any CPU.Build.0 = Release|Any CPU
	EndGlobalSection
	GlobalSection(SolutionProperties) = preSolution
		HideSolutionNode = FALSE
	EndGlobalSection
	GlobalSection(ExtensibilityGlobals) = postSolution
		SolutionGuid = {1F6783D8-7303-4B97-951C-A97F0A329912}
	EndGlobalSection
EndGlobal
