
Microsoft Visual Studio Solution File, Format Version 12.00
# Visual Studio Version 16
VisualStudioVersion = 16.0.30225.117
MinimumVisualStudioVersion = 10.0.40219.1
Project("{FAE04EC0-301F-11D3-BF4B-00C04F79EFBC}") = "Code_6_5_1", "Code_6_5_1\Code_6_5_1.csproj", "{32BB1F4E-EA81-4379-A5E4-3C5E1BDDA76A}"
EndProject
Global
	GlobalSection(SolutionConfigurationPlatforms) = preSolution
		Debug|Any CPU = Debug|Any CPU
		Release|Any CPU = Release|Any CPU
	EndGlobalSection
	GlobalSection(ProjectConfigurationPlatforms) = postSolution
		{32BB1F4E-EA81-4379-A5E4-3C5E1BDDA76A}.Debug|Any CPU.ActiveCfg = Debug|Any CPU
		{32BB1F4E-EA81-4379-A5E4-3C5E1BDDA76A}.Debug|Any CPU.Build.0 = Debug|Any CPU
		{32BB1F4E-EA81-4379-A5E4-3C5E1BDDA76A}.Release|Any CPU.ActiveCfg = Release|Any CPU
		{32BB1F4E-EA81-4379-A5E4-3C5E1BDDA76A}.Release|Any CPU.Build.0 = Release|Any CPU
	EndGlobalSection
	GlobalSection(SolutionProperties) = preSolution
		HideSolutionNode = FALSE
	EndGlobalSection
	GlobalSection(ExtensibilityGlobals) = postSolution
		SolutionGuid = {2EC1B381-2B57-4669-B56B-EA4E1AC33144}
	EndGlobalSection
EndGlobal
