
Microsoft Visual Studio Solution File, Format Version 12.00
# Visual Studio Version 16
VisualStudioVersion = 16.0.29613.14
MinimumVisualStudioVersion = 10.0.40219.1
Project("{FAE04EC0-301F-11D3-BF4B-00C04F79EFBC}") = "Code_5_1_2", "Code_5_1_2\Code_5_1_2.csproj", "{44A23079-B0B0-430B-9082-1E82BDA57D07}"
EndProject
Global
	GlobalSection(SolutionConfigurationPlatforms) = preSolution
		Debug|Any CPU = Debug|Any CPU
		Release|Any CPU = Release|Any CPU
	EndGlobalSection
	GlobalSection(ProjectConfigurationPlatforms) = postSolution
		{44A23079-B0B0-430B-9082-1E82BDA57D07}.Debug|Any CPU.ActiveCfg = Debug|Any CPU
		{44A23079-B0B0-430B-9082-1E82BDA57D07}.Debug|Any CPU.Build.0 = Debug|Any CPU
		{44A23079-B0B0-430B-9082-1E82BDA57D07}.Release|Any CPU.ActiveCfg = Release|Any CPU
		{44A23079-B0B0-430B-9082-1E82BDA57D07}.Release|Any CPU.Build.0 = Release|Any CPU
	EndGlobalSection
	GlobalSection(SolutionProperties) = preSolution
		HideSolutionNode = FALSE
	EndGlobalSection
	GlobalSection(ExtensibilityGlobals) = postSolution
		SolutionGuid = {2374D3F7-626A-4EF0-81DC-58B004F0E447}
	EndGlobalSection
EndGlobal
