
Microsoft Visual Studio Solution File, Format Version 12.00
# Visual Studio Version 16
VisualStudioVersion = 16.0.30225.117
MinimumVisualStudioVersion = 10.0.40219.1
Project("{FAE04EC0-301F-11D3-BF4B-00C04F79EFBC}") = "Code_7", "Code_7\Code_7.csproj", "{B55A89AA-6526-4DBB-8710-23256AD0F065}"
EndProject
Global
	GlobalSection(SolutionConfigurationPlatforms) = preSolution
		Debug|Any CPU = Debug|Any CPU
		Release|Any CPU = Release|Any CPU
	EndGlobalSection
	GlobalSection(ProjectConfigurationPlatforms) = postSolution
		{B55A89AA-6526-4DBB-8710-23256AD0F065}.Debug|Any CPU.ActiveCfg = Debug|Any CPU
		{B55A89AA-6526-4DBB-8710-23256AD0F065}.Debug|Any CPU.Build.0 = Debug|Any CPU
		{B55A89AA-6526-4DBB-8710-23256AD0F065}.Release|Any CPU.ActiveCfg = Release|Any CPU
		{B55A89AA-6526-4DBB-8710-23256AD0F065}.Release|Any CPU.Build.0 = Release|Any CPU
	EndGlobalSection
	GlobalSection(SolutionProperties) = preSolution
		HideSolutionNode = FALSE
	EndGlobalSection
	GlobalSection(ExtensibilityGlobals) = postSolution
		SolutionGuid = {98D03A28-3BCF-456F-9834-5627402511C9}
	EndGlobalSection
EndGlobal
