
Microsoft Visual Studio Solution File, Format Version 12.00
# Visual Studio Version 16
VisualStudioVersion = 16.0.29519.87
MinimumVisualStudioVersion = 10.0.40219.1
Project("{FAE04EC0-301F-11D3-BF4B-00C04F79EFBC}") = "Code_3_7_1", "Code_3_7_1\Code_3_7_1.csproj", "{77D19696-D7BB-4F9F-B52A-0A76458AFF4E}"
EndProject
Global
	GlobalSection(SolutionConfigurationPlatforms) = preSolution
		Debug|Any CPU = Debug|Any CPU
		Release|Any CPU = Release|Any CPU
	EndGlobalSection
	GlobalSection(ProjectConfigurationPlatforms) = postSolution
		{77D19696-D7BB-4F9F-B52A-0A76458AFF4E}.Debug|Any CPU.ActiveCfg = Debug|Any CPU
		{77D19696-D7BB-4F9F-B52A-0A76458AFF4E}.Debug|Any CPU.Build.0 = Debug|Any CPU
		{77D19696-D7BB-4F9F-B52A-0A76458AFF4E}.Release|Any CPU.ActiveCfg = Release|Any CPU
		{77D19696-D7BB-4F9F-B52A-0A76458AFF4E}.Release|Any CPU.Build.0 = Release|Any CPU
	EndGlobalSection
	GlobalSection(SolutionProperties) = preSolution
		HideSolutionNode = FALSE
	EndGlobalSection
	GlobalSection(ExtensibilityGlobals) = postSolution
		SolutionGuid = {0E09246D-3713-434D-914E-B3112EA3CC01}
	EndGlobalSection
EndGlobal
