
Microsoft Visual Studio Solution File, Format Version 12.00
# Visual Studio Version 16
VisualStudioVersion = 16.0.30225.117
MinimumVisualStudioVersion = 10.0.40219.1
Project("{FAE04EC0-301F-11D3-BF4B-00C04F79EFBC}") = "Code_6_3_1", "Code_6_3_1\Code_6_3_1.csproj", "{36E210A8-BDC5-4883-9A6F-F73D4D60EB03}"
EndProject
Global
	GlobalSection(SolutionConfigurationPlatforms) = preSolution
		Debug|Any CPU = Debug|Any CPU
		Release|Any CPU = Release|Any CPU
	EndGlobalSection
	GlobalSection(ProjectConfigurationPlatforms) = postSolution
		{36E210A8-BDC5-4883-9A6F-F73D4D60EB03}.Debug|Any CPU.ActiveCfg = Debug|Any CPU
		{36E210A8-BDC5-4883-9A6F-F73D4D60EB03}.Debug|Any CPU.Build.0 = Debug|Any CPU
		{36E210A8-BDC5-4883-9A6F-F73D4D60EB03}.Release|Any CPU.ActiveCfg = Release|Any CPU
		{36E210A8-BDC5-4883-9A6F-F73D4D60EB03}.Release|Any CPU.Build.0 = Release|Any CPU
	EndGlobalSection
	GlobalSection(SolutionProperties) = preSolution
		HideSolutionNode = FALSE
	EndGlobalSection
	GlobalSection(ExtensibilityGlobals) = postSolution
		SolutionGuid = {37296E4B-5C3E-4711-8389-62A7972EAA58}
	EndGlobalSection
EndGlobal
