
Microsoft Visual Studio Solution File, Format Version 12.00
# Visual Studio Version 16
VisualStudioVersion = 16.0.29613.14
MinimumVisualStudioVersion = 10.0.40219.1
Project("{FAE04EC0-301F-11D3-BF4B-00C04F79EFBC}") = "Code_5_3", "Code_5_3\Code_5_3.csproj", "{1DB4CFD2-9312-446E-A080-B252DB050BB5}"
EndProject
Global
	GlobalSection(SolutionConfigurationPlatforms) = preSolution
		Debug|Any CPU = Debug|Any CPU
		Release|Any CPU = Release|Any CPU
	EndGlobalSection
	GlobalSection(ProjectConfigurationPlatforms) = postSolution
		{1DB4CFD2-9312-446E-A080-B252DB050BB5}.Debug|Any CPU.ActiveCfg = Debug|Any CPU
		{1DB4CFD2-9312-446E-A080-B252DB050BB5}.Debug|Any CPU.Build.0 = Debug|Any CPU
		{1DB4CFD2-9312-446E-A080-B252DB050BB5}.Release|Any CPU.ActiveCfg = Release|Any CPU
		{1DB4CFD2-9312-446E-A080-B252DB050BB5}.Release|Any CPU.Build.0 = Release|Any CPU
	EndGlobalSection
	GlobalSection(SolutionProperties) = preSolution
		HideSolutionNode = FALSE
	EndGlobalSection
	GlobalSection(ExtensibilityGlobals) = postSolution
		SolutionGuid = {1073BBC4-F0AC-4187-B4CE-EAAD77EA9AC5}
	EndGlobalSection
EndGlobal
