
Microsoft Visual Studio Solution File, Format Version 12.00
# Visual Studio Version 16
VisualStudioVersion = 16.0.30309.148
MinimumVisualStudioVersion = 10.0.40219.1
Project("{FAE04EC0-301F-11D3-BF4B-00C04F79EFBC}") = "Code_8_3", "Code_8_3\Code_8_3.csproj", "{13627E42-21ED-4BB1-9449-971A30FCFAFF}"
EndProject
Global
	GlobalSection(SolutionConfigurationPlatforms) = preSolution
		Debug|Any CPU = Debug|Any CPU
		Release|Any CPU = Release|Any CPU
	EndGlobalSection
	GlobalSection(ProjectConfigurationPlatforms) = postSolution
		{13627E42-21ED-4BB1-9449-971A30FCFAFF}.Debug|Any CPU.ActiveCfg = Debug|Any CPU
		{13627E42-21ED-4BB1-9449-971A30FCFAFF}.Debug|Any CPU.Build.0 = Debug|Any CPU
		{13627E42-21ED-4BB1-9449-971A30FCFAFF}.Release|Any CPU.ActiveCfg = Release|Any CPU
		{13627E42-21ED-4BB1-9449-971A30FCFAFF}.Release|Any CPU.Build.0 = Release|Any CPU
	EndGlobalSection
	GlobalSection(SolutionProperties) = preSolution
		HideSolutionNode = FALSE
	EndGlobalSection
	GlobalSection(ExtensibilityGlobals) = postSolution
		SolutionGuid = {0AE39788-85DB-4C5C-ADD4-7094C2860384}
	EndGlobalSection
EndGlobal
