
Microsoft Visual Studio Solution File, Format Version 12.00
# Visual Studio Version 16
VisualStudioVersion = 16.0.30225.117
MinimumVisualStudioVersion = 10.0.40219.1
Project("{FAE04EC0-301F-11D3-BF4B-00C04F79EFBC}") = "Code_6_5_3", "Code_6_5_3\Code_6_5_3.csproj", "{41EBB227-5290-46EC-962D-5877C821B1A7}"
EndProject
Global
	GlobalSection(SolutionConfigurationPlatforms) = preSolution
		Debug|Any CPU = Debug|Any CPU
		Release|Any CPU = Release|Any CPU
	EndGlobalSection
	GlobalSection(ProjectConfigurationPlatforms) = postSolution
		{41EBB227-5290-46EC-962D-5877C821B1A7}.Debug|Any CPU.ActiveCfg = Debug|Any CPU
		{41EBB227-5290-46EC-962D-5877C821B1A7}.Debug|Any CPU.Build.0 = Debug|Any CPU
		{41EBB227-5290-46EC-962D-5877C821B1A7}.Release|Any CPU.ActiveCfg = Release|Any CPU
		{41EBB227-5290-46EC-962D-5877C821B1A7}.Release|Any CPU.Build.0 = Release|Any CPU
	EndGlobalSection
	GlobalSection(SolutionProperties) = preSolution
		HideSolutionNode = FALSE
	EndGlobalSection
	GlobalSection(ExtensibilityGlobals) = postSolution
		SolutionGuid = {5E2687A7-13F1-44D2-A59D-63BF246C50E0}
	EndGlobalSection
EndGlobal
