
Microsoft Visual Studio Solution File, Format Version 12.00
# Visual Studio Version 16
VisualStudioVersion = 16.0.30225.117
MinimumVisualStudioVersion = 10.0.40219.1
Project("{FAE04EC0-301F-11D3-BF4B-00C04F79EFBC}") = "Code_7_8", "Code_7_8\Code_7_8.csproj", "{343E3A29-4ADA-4913-B834-AF26B6EFAE7E}"
EndProject
Global
	GlobalSection(SolutionConfigurationPlatforms) = preSolution
		Debug|Any CPU = Debug|Any CPU
		Release|Any CPU = Release|Any CPU
	EndGlobalSection
	GlobalSection(ProjectConfigurationPlatforms) = postSolution
		{343E3A29-4ADA-4913-B834-AF26B6EFAE7E}.Debug|Any CPU.ActiveCfg = Debug|Any CPU
		{343E3A29-4ADA-4913-B834-AF26B6EFAE7E}.Debug|Any CPU.Build.0 = Debug|Any CPU
		{343E3A29-4ADA-4913-B834-AF26B6EFAE7E}.Release|Any CPU.ActiveCfg = Release|Any CPU
		{343E3A29-4ADA-4913-B834-AF26B6EFAE7E}.Release|Any CPU.Build.0 = Release|Any CPU
	EndGlobalSection
	GlobalSection(SolutionProperties) = preSolution
		HideSolutionNode = FALSE
	EndGlobalSection
	GlobalSection(ExtensibilityGlobals) = postSolution
		SolutionGuid = {BEA8536F-A6CA-441E-83F7-0EC9373CD08C}
	EndGlobalSection
EndGlobal
