
Microsoft Visual Studio Solution File, Format Version 12.00
# Visual Studio Version 16
VisualStudioVersion = 16.0.29613.14
MinimumVisualStudioVersion = 10.0.40219.1
Project("{FAE04EC0-301F-11D3-BF4B-00C04F79EFBC}") = "Code_4_1_3", "Code_4_1_3\Code_4_1_3.csproj", "{EC4B7A08-74A8-40B5-BBDE-BC87448F95A7}"
EndProject
Global
	GlobalSection(SolutionConfigurationPlatforms) = preSolution
		Debug|Any CPU = Debug|Any CPU
		Release|Any CPU = Release|Any CPU
	EndGlobalSection
	GlobalSection(ProjectConfigurationPlatforms) = postSolution
		{EC4B7A08-74A8-40B5-BBDE-BC87448F95A7}.Debug|Any CPU.ActiveCfg = Debug|Any CPU
		{EC4B7A08-74A8-40B5-BBDE-BC87448F95A7}.Debug|Any CPU.Build.0 = Debug|Any CPU
		{EC4B7A08-74A8-40B5-BBDE-BC87448F95A7}.Release|Any CPU.ActiveCfg = Release|Any CPU
		{EC4B7A08-74A8-40B5-BBDE-BC87448F95A7}.Release|Any CPU.Build.0 = Release|Any CPU
	EndGlobalSection
	GlobalSection(SolutionProperties) = preSolution
		HideSolutionNode = FALSE
	EndGlobalSection
	GlobalSection(ExtensibilityGlobals) = postSolution
		SolutionGuid = {4B12D046-C23E-46B5-9FE9-1BAA6EADF1CC}
	EndGlobalSection
EndGlobal
