
Microsoft Visual Studio Solution File, Format Version 12.00
# Visual Studio Version 16
VisualStudioVersion = 16.0.30309.148
MinimumVisualStudioVersion = 10.0.40219.1
Project("{FAE04EC0-301F-11D3-BF4B-00C04F79EFBC}") = "Code_8_4", "Code_8_4\Code_8_4.csproj", "{376C7542-C57E-411D-9F0B-BEDB14229D3B}"
EndProject
Global
	GlobalSection(SolutionConfigurationPlatforms) = preSolution
		Debug|Any CPU = Debug|Any CPU
		Release|Any CPU = Release|Any CPU
	EndGlobalSection
	GlobalSection(ProjectConfigurationPlatforms) = postSolution
		{376C7542-C57E-411D-9F0B-BEDB14229D3B}.Debug|Any CPU.ActiveCfg = Debug|Any CPU
		{376C7542-C57E-411D-9F0B-BEDB14229D3B}.Debug|Any CPU.Build.0 = Debug|Any CPU
		{376C7542-C57E-411D-9F0B-BEDB14229D3B}.Release|Any CPU.ActiveCfg = Release|Any CPU
		{376C7542-C57E-411D-9F0B-BEDB14229D3B}.Release|Any CPU.Build.0 = Release|Any CPU
	EndGlobalSection
	GlobalSection(SolutionProperties) = preSolution
		HideSolutionNode = FALSE
	EndGlobalSection
	GlobalSection(ExtensibilityGlobals) = postSolution
		SolutionGuid = {403237C6-3464-42F7-9D90-A430BCA3DC0B}
	EndGlobalSection
EndGlobal
