
Microsoft Visual Studio Solution File, Format Version 12.00
# Visual Studio Version 16
VisualStudioVersion = 16.0.29519.87
MinimumVisualStudioVersion = 10.0.40219.1
Project("{FAE04EC0-301F-11D3-BF4B-00C04F79EFBC}") = "Code_3_8_1_b", "Code_3_8_1_b\Code_3_8_1_b.csproj", "{F5181F76-1703-4F9E-86E5-201C751C8D12}"
EndProject
Global
	GlobalSection(SolutionConfigurationPlatforms) = preSolution
		Debug|Any CPU = Debug|Any CPU
		Release|Any CPU = Release|Any CPU
	EndGlobalSection
	GlobalSection(ProjectConfigurationPlatforms) = postSolution
		{F5181F76-1703-4F9E-86E5-201C751C8D12}.Debug|Any CPU.ActiveCfg = Debug|Any CPU
		{F5181F76-1703-4F9E-86E5-201C751C8D12}.Debug|Any CPU.Build.0 = Debug|Any CPU
		{F5181F76-1703-4F9E-86E5-201C751C8D12}.Release|Any CPU.ActiveCfg = Release|Any CPU
		{F5181F76-1703-4F9E-86E5-201C751C8D12}.Release|Any CPU.Build.0 = Release|Any CPU
	EndGlobalSection
	GlobalSection(SolutionProperties) = preSolution
		HideSolutionNode = FALSE
	EndGlobalSection
	GlobalSection(ExtensibilityGlobals) = postSolution
		SolutionGuid = {F4D8A116-5316-4FEF-8829-E303430FF64B}
	EndGlobalSection
EndGlobal
