
Microsoft Visual Studio Solution File, Format Version 12.00
# Visual Studio Version 16
VisualStudioVersion = 16.0.29613.14
MinimumVisualStudioVersion = 10.0.40219.1
Project("{FAE04EC0-301F-11D3-BF4B-00C04F79EFBC}") = "Code_4_2_3", "Code_4_2_3\Code_4_2_3.csproj", "{2274B2FD-3670-46C8-BEF6-727F00E6E995}"
EndProject
Global
	GlobalSection(SolutionConfigurationPlatforms) = preSolution
		Debug|Any CPU = Debug|Any CPU
		Release|Any CPU = Release|Any CPU
	EndGlobalSection
	GlobalSection(ProjectConfigurationPlatforms) = postSolution
		{2274B2FD-3670-46C8-BEF6-727F00E6E995}.Debug|Any CPU.ActiveCfg = Debug|Any CPU
		{2274B2FD-3670-46C8-BEF6-727F00E6E995}.Debug|Any CPU.Build.0 = Debug|Any CPU
		{2274B2FD-3670-46C8-BEF6-727F00E6E995}.Release|Any CPU.ActiveCfg = Release|Any CPU
		{2274B2FD-3670-46C8-BEF6-727F00E6E995}.Release|Any CPU.Build.0 = Release|Any CPU
	EndGlobalSection
	GlobalSection(SolutionProperties) = preSolution
		HideSolutionNode = FALSE
	EndGlobalSection
	GlobalSection(ExtensibilityGlobals) = postSolution
		SolutionGuid = {A5FF4754-130B-4EAD-A3C6-7BF25477D5DE}
	EndGlobalSection
EndGlobal
