
Microsoft Visual Studio Solution File, Format Version 12.00
# Visual Studio Version 16
VisualStudioVersion = 16.0.29519.87
MinimumVisualStudioVersion = 10.0.40219.1
Project("{FAE04EC0-301F-11D3-BF4B-00C04F79EFBC}") = "Code_3_4_1", "Code_3_4_1\Code_3_4_1.csproj", "{FF01B37C-E373-41A8-A9BA-CDFC3636EFB4}"
EndProject
Global
	GlobalSection(SolutionConfigurationPlatforms) = preSolution
		Debug|Any CPU = Debug|Any CPU
		Release|Any CPU = Release|Any CPU
	EndGlobalSection
	GlobalSection(ProjectConfigurationPlatforms) = postSolution
		{FF01B37C-E373-41A8-A9BA-CDFC3636EFB4}.Debug|Any CPU.ActiveCfg = Debug|Any CPU
		{FF01B37C-E373-41A8-A9BA-CDFC3636EFB4}.Debug|Any CPU.Build.0 = Debug|Any CPU
		{FF01B37C-E373-41A8-A9BA-CDFC3636EFB4}.Release|Any CPU.ActiveCfg = Release|Any CPU
		{FF01B37C-E373-41A8-A9BA-CDFC3636EFB4}.Release|Any CPU.Build.0 = Release|Any CPU
	EndGlobalSection
	GlobalSection(SolutionProperties) = preSolution
		HideSolutionNode = FALSE
	EndGlobalSection
	GlobalSection(ExtensibilityGlobals) = postSolution
		SolutionGuid = {DDB8B24A-A02F-4015-B1FB-C3D2BF06A28E}
	EndGlobalSection
EndGlobal
