
Microsoft Visual Studio Solution File, Format Version 12.00
# Visual Studio Version 16
VisualStudioVersion = 16.0.29613.14
MinimumVisualStudioVersion = 10.0.40219.1
Project("{FAE04EC0-301F-11D3-BF4B-00C04F79EFBC}") = "Code_4_5_1_g", "Code_4_5_1_g\Code_4_5_1_g.csproj", "{3A9C9764-0D7C-4DCF-8B54-D5519FA09681}"
EndProject
Global
	GlobalSection(SolutionConfigurationPlatforms) = preSolution
		Debug|Any CPU = Debug|Any CPU
		Release|Any CPU = Release|Any CPU
	EndGlobalSection
	GlobalSection(ProjectConfigurationPlatforms) = postSolution
		{3A9C9764-0D7C-4DCF-8B54-D5519FA09681}.Debug|Any CPU.ActiveCfg = Debug|Any CPU
		{3A9C9764-0D7C-4DCF-8B54-D5519FA09681}.Debug|Any CPU.Build.0 = Debug|Any CPU
		{3A9C9764-0D7C-4DCF-8B54-D5519FA09681}.Release|Any CPU.ActiveCfg = Release|Any CPU
		{3A9C9764-0D7C-4DCF-8B54-D5519FA09681}.Release|Any CPU.Build.0 = Release|Any CPU
	EndGlobalSection
	GlobalSection(SolutionProperties) = preSolution
		HideSolutionNode = FALSE
	EndGlobalSection
	GlobalSection(ExtensibilityGlobals) = postSolution
		SolutionGuid = {31F2E7D9-02D3-4198-9FE0-F40A1DD7DD18}
	EndGlobalSection
EndGlobal
